// !$*UTF8*$!
{
	archiveVersion = 1;
	classes = {
	};
	objectVersion = 48;
	objects = {

/* Begin PBXBuildFile section */
		1DAC8E8E2005D0910011C062 /* AppDelegate.swift in Sources */ = {isa = PBXBuildFile; fileRef = 1DAC8E8D2005D0910011C062 /* AppDelegate.swift */; };
		1DAC8E902005D0910011C062 /* SignUpViewController.swift in Sources */ = {isa = PBXBuildFile; fileRef = 1DAC8E8F2005D0910011C062 /* SignUpViewController.swift */; };
		1DAC8E932005D0910011C062 /* Main.storyboard in Resources */ = {isa = PBXBuildFile; fileRef = 1DAC8E912005D0910011C062 /* Main.storyboard */; };
		1DAC8E952005D0910011C062 /* Assets.xcassets in Resources */ = {isa = PBXBuildFile; fileRef = 1DAC8E942005D0910011C062 /* Assets.xcassets */; };
		1DAC8E982005D0910011C062 /* LaunchScreen.storyboard in Resources */ = {isa = PBXBuildFile; fileRef = 1DAC8E962005D0910011C062 /* LaunchScreen.storyboard */; };
		1DAC8EA02005D7ED0011C062 /* Validity.swift in Sources */ = {isa = PBXBuildFile; fileRef = 1DAC8E9F2005D7ED0011C062 /* Validity.swift */; };
		DF623D11AE57B560871ADFDA /* Pods_RxSignUp.framework in Frameworks */ = {isa = PBXBuildFile; fileRef = 3848A6D630CC9927EB780FBB /* Pods_RxSignUp.framework */; };
/* End PBXBuildFile section */

/* Begin PBXFileReference section */
		1DAC8E8A2005D0910011C062 /* RxSignUp.app */ = {isa = PBXFileReference; explicitFileType = wrapper.application; includeInIndex = 0; path = RxSignUp.app; sourceTree = BUILT_PRODUCTS_DIR; };
		1DAC8E8D2005D0910011C062 /* AppDelegate.swift */ = {isa = PBXFileReference; lastKnownFileType = sourcecode.swift; path = AppDelegate.swift; sourceTree = "<group>"; };
		1DAC8E8F2005D0910011C062 /* SignUpViewController.swift */ = {isa = PBXFileReference; lastKnownFileType = sourcecode.swift; path = SignUpViewController.swift; sourceTree = "<group>"; };
		1DAC8E922005D0910011C062 /* Base */ = {isa = PBXFileReference; lastKnownFileType = file.storyboard; name = Base; path = Base.lproj/Main.storyboard; sourceTree = "<group>"; };
		1DAC8E942005D0910011C062 /* Assets.xcassets */ = {isa = PBXFileReference; lastKnownFileType = folder.assetcatalog; path = Assets.xcassets; sourceTree = "<group>"; };
		1DAC8E972005D0910011C062 /* Base */ = {isa = PBXFileReference; lastKnownFileType = file.storyboard; name = Base; path = Base.lproj/LaunchScreen.storyboard; sourceTree = "<group>"; };
		1DAC8E992005D0910011C062 /* Info.plist */ = {isa = PBXFileReference; lastKnownFileType = text.plist.xml; path = Info.plist; sourceTree = "<group>"; };
		1DAC8E9F2005D7ED0011C062 /* Validity.swift */ = {isa = PBXFileReference; lastKnownFileType = sourcecode.swift; path = Validity.swift; sourceTree = "<group>"; };
		3848A6D630CC9927EB780FBB /* Pods_RxSignUp.framework */ = {isa = PBXFileReference; explicitFileType = wrapper.framework; includeInIndex = 0; path = Pods_RxSignUp.framework; sourceTree = BUILT_PRODUCTS_DIR; };
		9D8FC5C53D3EE6D8B767B807 /* Pods-RxSignUp.release.xcconfig */ = {isa = PBXFileReference; includeInIndex = 1; lastKnownFileType = text.xcconfig; name = "Pods-RxSignUp.release.xcconfig"; path = "Pods/Target Support Files/Pods-RxSignUp/Pods-RxSignUp.release.xcconfig"; sourceTree = "<group>"; };
		D205A0FEC8B139B96A290A35 /* Pods-RxSignUp.debug.xcconfig */ = {isa = PBXFileReference; includeInIndex = 1; lastKnownFileType = text.xcconfig; name = "Pods-RxSignUp.debug.xcconfig"; path = "Pods/Target Support Files/Pods-RxSignUp/Pods-RxSignUp.debug.xcconfig"; sourceTree = "<group>"; };
/* End PBXFileReference section */

/* Begin PBXFrameworksBuildPhase section */
		1DAC8E872005D0910011C062 /* Frameworks */ = {
			isa = PBXFrameworksBuildPhase;
			buildActionMask = 2147483647;
			files = (
				DF623D11AE57B560871ADFDA /* Pods_RxSignUp.framework in Frameworks */,
			);
			runOnlyForDeploymentPostprocessing = 0;
		};
/* End PBXFrameworksBuildPhase section */

/* Begin PBXGroup section */
		1DAC8E812005D0910011C062 = {
			isa = PBXGroup;
			children = (
				1DAC8E8C2005D0910011C062 /* RxSignUp */,
				1DAC8E8B2005D0910011C062 /* Products */,
				B5092F4F1786074C1371F82A /* Pods */,
				ED0D5DAE780C34B8A4A8DEDF /* Frameworks */,
			);
			sourceTree = "<group>";
		};
		1DAC8E8B2005D0910011C062 /* Products */ = {
			isa = PBXGroup;
			children = (
				1DAC8E8A2005D0910011C062 /* RxSignUp.app */,
			);
			name = Products;
			sourceTree = "<group>";
		};
		1DAC8E8C2005D0910011C062 /* RxSignUp */ = {
			isa = PBXGroup;
			children = (
				1DAC8E8D2005D0910011C062 /* AppDelegate.swift */,
				1DAC8E8F2005D0910011C062 /* SignUpViewController.swift */,
				1DAC8E912005D0910011C062 /* Main.storyboard */,
				1DAC8E942005D0910011C062 /* Assets.xcassets */,
				1DAC8E962005D0910011C062 /* LaunchScreen.storyboard */,
				1DAC8E992005D0910011C062 /* Info.plist */,
				1DAC8E9F2005D7ED0011C062 /* Validity.swift */,
			);
			path = RxSignUp;
			sourceTree = "<group>";
		};
		B5092F4F1786074C1371F82A /* Pods */ = {
			isa = PBXGroup;
			children = (
				D205A0FEC8B139B96A290A35 /* Pods-RxSignUp.debug.xcconfig */,
				9D8FC5C53D3EE6D8B767B807 /* Pods-RxSignUp.release.xcconfig */,
			);
			name = Pods;
			sourceTree = "<group>";
		};
		ED0D5DAE780C34B8A4A8DEDF /* Frameworks */ = {
			isa = PBXGroup;
			children = (
				3848A6D630CC9927EB780FBB /* Pods_RxSignUp.framework */,
			);
			name = Frameworks;
			sourceTree = "<group>";
		};
/* End PBXGroup section */

/* Begin PBXNativeTarget section */
		1DAC8E892005D0910011C062 /* RxSignUp */ = {
			isa = PBXNativeTarget;
			buildConfigurationList = 1DAC8E9C2005D0910011C062 /* Build configuration list for PBXNativeTarget "RxSignUp" */;
			buildPhases = (
				15E3E2ADE046D3294924B183 /* [CP] Check Pods Manifest.lock */,
				1DAC8E862005D0910011C062 /* Sources */,
				1DAC8E872005D0910011C062 /* Frameworks */,
				1DAC8E882005D0910011C062 /* Resources */,
				2737D3A2C5E14B42811802B7 /* [CP] Embed Pods Frameworks */,
				309D9C7F72F4468811A9D62E /* [CP] Copy Pods Resources */,
			);
			buildRules = (
			);
			dependencies = (
			);
			name = RxSignUp;
			productName = RxSignUp;
			productReference = 1DAC8E8A2005D0910011C062 /* RxSignUp.app */;
			productType = "com.apple.product-type.application";
		};
/* End PBXNativeTarget section */

/* Begin PBXProject section */
		1DAC8E822005D0910011C062 /* Project object */ = {
			isa = PBXProject;
			attributes = {
				LastSwiftUpdateCheck = 0920;
				LastUpgradeCheck = 0920;
				ORGANIZATIONNAME = "Kevin Le";
				TargetAttributes = {
					1DAC8E892005D0910011C062 = {
						CreatedOnToolsVersion = 9.2;
						ProvisioningStyle = Automatic;
					};
				};
			};
			buildConfigurationList = 1DAC8E852005D0910011C062 /* Build configuration list for PBXProject "RxSignUp" */;
			compatibilityVersion = "Xcode 8.0";
			developmentRegion = en;
			hasScannedForEncodings = 0;
			knownRegions = (
				en,
				Base,
			);
			mainGroup = 1DAC8E812005D0910011C062;
			productRefGroup = 1DAC8E8B2005D0910011C062 /* Products */;
			projectDirPath = "";
			projectRoot = "";
			targets = (
				1DAC8E892005D0910011C062 /* RxSignUp */,
			);
		};
/* End PBXProject section */

/* Begin PBXResourcesBuildPhase section */
		1DAC8E882005D0910011C062 /* Resources */ = {
			isa = PBXResourcesBuildPhase;
			buildActionMask = 2147483647;
			files = (
				1DAC8E982005D0910011C062 /* LaunchScreen.storyboard in Resources */,
				1DAC8E952005D0910011C062 /* Assets.xcassets in Resources */,
				1DAC8E932005D0910011C062 /* Main.storyboard in Resources */,
			);
			runOnlyForDeploymentPostprocessing = 0;
		};
/* End PBXResourcesBuildPhase section */

/* Begin PBXShellScriptBuildPhase section */
		15E3E2ADE046D3294924B183 /* [CP] Check Pods Manifest.lock */ = {
			isa = PBXShellScriptBuildPhase;
			buildActionMask = 2147483647;
			files = (
			);
			inputPaths = (
				"${PODS_PODFILE_DIR_PATH}/Podfile.lock",
				"${PODS_ROOT}/Manifest.lock",
			);
			name = "[CP] Check Pods Manifest.lock";
			outputPaths = (
				"$(DERIVED_FILE_DIR)/Pods-RxSignUp-checkManifestLockResult.txt",
			);
			runOnlyForDeploymentPostprocessing = 0;
			shellPath = /bin/sh;
			shellScript = "diff \"${PODS_PODFILE_DIR_PATH}/Podfile.lock\" \"${PODS_ROOT}/Manifest.lock\" > /dev/null\nif [ $? != 0 ] ; then\n    # print error to STDERR\n    echo \"error: The sandbox is not in sync with the Podfile.lock. Run 'pod install' or update your CocoaPods installation.\" >&2\n    exit 1\nfi\n# This output is used by Xcode 'outputs' to avoid re-running this script phase.\necho \"SUCCESS\" > \"${SCRIPT_OUTPUT_FILE_0}\"\n";
			showEnvVarsInLog = 0;
		};
		2737D3A2C5E14B42811802B7 /* [CP] Embed Pods Frameworks */ = {
			isa = PBXShellScriptBuildPhase;
			buildActionMask = 2147483647;
			files = (
			);
			inputPaths = (
				"${SRCROOT}/Pods/Target Support Files/Pods-RxSignUp/Pods-RxSignUp-frameworks.sh",
				"${BUILT_PRODUCTS_DIR}/RxCocoa/RxCocoa.framework",
				"${BUILT_PRODUCTS_DIR}/RxSwift/RxSwift.framework",
			);
			name = "[CP] Embed Pods Frameworks";
			outputPaths = (
				"${TARGET_BUILD_DIR}/${FRAMEWORKS_FOLDER_PATH}/RxCocoa.framework",
				"${TARGET_BUILD_DIR}/${FRAMEWORKS_FOLDER_PATH}/RxSwift.framework",
			);
			runOnlyForDeploymentPostprocessing = 0;
			shellPath = /bin/sh;
			shellScript = "\"${SRCROOT}/Pods/Target Support Files/Pods-RxSignUp/Pods-RxSignUp-frameworks.sh\"\n";
			showEnvVarsInLog = 0;
		};
		309D9C7F72F4468811A9D62E /* [CP] Copy Pods Resources */ = {
			isa = PBXShellScriptBuildPhase;
			buildActionMask = 2147483647;
			files = (
			);
			inputPaths = (
			);
			name = "[CP] Copy Pods Resources";
			outputPaths = (
			);
			runOnlyForDeploymentPostprocessing = 0;
			shellPath = /bin/sh;
			shellScript = "\"${SRCROOT}/Pods/Target Support Files/Pods-RxSignUp/Pods-RxSignUp-resources.sh\"\n";
			showEnvVarsInLog = 0;
		};
/* End PBXShellScriptBuildPhase section */

/* Begin PBXSourcesBuildPhase section */
		1DAC8E862005D0910011C062 /* Sources */ = {
			isa = PBXSourcesBuildPhase;
			buildActionMask = 2147483647;
			files = (
				1DAC8E902005D0910011C062 /* SignUpViewController.swift in Sources */,
				1DAC8EA02005D7ED0011C062 /* Validity.swift in Sources */,
				1DAC8E8E2005D0910011C062 /* AppDelegate.swift in Sources */,
			);
			runOnlyForDeploymentPostprocessing = 0;
		};
/* End PBXSourcesBuildPhase section */

/* Begin PBXVariantGroup section */
		1DAC8E912005D0910011C062 /* Main.storyboard */ = {
			isa = PBXVariantGroup;
			children = (
				1DAC8E922005D0910011C062 /* Base */,
			);
			name = Main.storyboard;
			sourceTree = "<group>";
		};
		1DAC8E962005D0910011C062 /* LaunchScreen.storyboard */ = {
			isa = PBXVariantGroup;
			children = (
				1DAC8E972005D0910011C062 /* Base */,
			);
			name = LaunchScreen.storyboard;
			sourceTree = "<group>";
		};
/* End PBXVariantGroup section */

/* Begin XCBuildConfiguration section */
		1DAC8E9A2005D0910011C062 /* Debug */ = {
			isa = XCBuildConfiguration;
			buildSettings = {
				ALWAYS_SEARCH_USER_PATHS = NO;
				CLANG_ANALYZER_NONNULL = YES;
				CLANG_ANALYZER_NUMBER_OBJECT_CONVERSION = YES_AGGRESSIVE;
				CLANG_CXX_LANGUAGE_STANDARD = "gnu++14";
				CLANG_CXX_LIBRARY = "libc++";
				CLANG_ENABLE_MODULES = YES;
				CLANG_ENABLE_OBJC_ARC = YES;
				CLANG_WARN_BLOCK_CAPTURE_AUTORELEASING = YES;
				CLANG_WARN_BOOL_CONVERSION = YES;
				CLANG_WARN_COMMA = YES;
				CLANG_WARN_CONSTANT_CONVERSION = YES;
				CLANG_WARN_DIRECT_OBJC_ISA_USAGE = YES_ERROR;
				CLANG_WARN_DOCUMENTATION_COMMENTS = YES;
				CLANG_WARN_EMPTY_BODY = YES;
				CLANG_WARN_ENUM_CONVERSION = YES;
				CLANG_WARN_INFINITE_RECURSION = YES;
				CLANG_WARN_INT_CONVERSION = YES;
				CLANG_WARN_NON_LITERAL_NULL_CONVERSION = YES;
				CLANG_WARN_OBJC_LITERAL_CONVERSION = YES;
				CLANG_WARN_OBJC_ROOT_CLASS = YES_ERROR;
				CLANG_WARN_RANGE_LOOP_ANALYSIS = YES;
				CLANG_WARN_STRICT_PROTOTYPES = YES;
				CLANG_WARN_SUSPICIOUS_MOVE = YES;
				CLANG_WARN_UNGUARDED_AVAILABILITY = YES_AGGRESSIVE;
				CLANG_WARN_UNREACHABLE_CODE = YES;
				CLANG_WARN__DUPLICATE_METHOD_MATCH = YES;
				CODE_SIGN_IDENTITY = "iPhone Developer";
				COPY_PHASE_STRIP = NO;
				DEBUG_INFORMATION_FORMAT = dwarf;
				ENABLE_STRICT_OBJC_MSGSEND = YES;
				ENABLE_TESTABILITY = YES;
				GCC_C_LANGUAGE_STANDARD = gnu11;
				GCC_DYNAMIC_NO_PIC = NO;
				GCC_NO_COMMON_BLOCKS = YES;
				GCC_OPTIMIZATION_LEVEL = 0;
				GCC_PREPROCESSOR_DEFINITIONS = (
					"DEBUG=1",
					"$(inherited)",
				);
				GCC_WARN_64_TO_32_BIT_CONVERSION = YES;
				GCC_WARN_ABOUT_RETURN_TYPE = YES_ERROR;
				GCC_WARN_UNDECLARED_SELECTOR = YES;
				GCC_WARN_UNINITIALIZED_AUTOS = YES_AGGRESSIVE;
				GCC_WARN_UNUSED_FUNCTION = YES;
				GCC_WARN_UNUSED_VARIABLE = YES;
				IPHONEOS_DEPLOYMENT_TARGET = 11.2;
				MTL_ENABLE_DEBUG_INFO = YES;
				ONLY_ACTIVE_ARCH = YES;
				SDKROOT = iphoneos;
				SWIFT_ACTIVE_COMPILATION_CONDITIONS = DEBUG;
				SWIFT_OPTIMIZATION_LEVEL = "-Onone";
			};
			name = Debug;
		};
		1DAC8E9B2005D0910011C062 /* Release */ = {
			isa = XCBuildConfiguration;
			buildSettings = {
				ALWAYS_SEARCH_USER_PATHS = NO;
				CLANG_ANALYZER_NONNULL = YES;
				CLANG_ANALYZER_NUMBER_OBJECT_CONVERSION = YES_AGGRESSIVE;
				CLANG_CXX_LANGUAGE_STANDARD = "gnu++14";
				CLANG_CXX_LIBRARY = "libc++";
				CLANG_ENABLE_MODULES = YES;
				CLANG_ENABLE_OBJC_ARC = YES;
				CLANG_WARN_BLOCK_CAPTURE_AUTORELEASING = YES;
				CLANG_WARN_BOOL_CONVERSION = YES;
				CLANG_WARN_COMMA = YES;
				CLANG_WARN_CONSTANT_CONVERSION = YES;
				CLANG_WARN_DIRECT_OBJC_ISA_USAGE = YES_ERROR;
				CLANG_WARN_DOCUMENTATION_COMMENTS = YES;
				CLANG_WARN_EMPTY_BODY = YES;
				CLANG_WARN_ENUM_CONVERSION = YES;
				CLANG_WARN_INFINITE_RECURSION = YES;
				CLANG_WARN_INT_CONVERSION = YES;
				CLANG_WARN_NON_LITERAL_NULL_CONVERSION = YES;
				CLANG_WARN_OBJC_LITERAL_CONVERSION = YES;
				CLANG_WARN_OBJC_ROOT_CLASS = YES_ERROR;
				CLANG_WARN_RANGE_LOOP_ANALYSIS = YES;
				CLANG_WARN_STRICT_PROTOTYPES = YES;
				CLANG_WARN_SUSPICIOUS_MOVE = YES;
				CLANG_WARN_UNGUARDED_AVAILABILITY = YES_AGGRESSIVE;
				CLANG_WARN_UNREACHABLE_CODE = YES;
				CLANG_WARN__DUPLICATE_METHOD_MATCH = YES;
				CODE_SIGN_IDENTITY = "iPhone Developer";
				COPY_PHASE_STRIP = NO;
				DEBUG_INFORMATION_FORMAT = "dwarf-with-dsym";
				ENABLE_NS_ASSERTIONS = NO;
				ENABLE_STRICT_OBJC_MSGSEND = YES;
				GCC_C_LANGUAGE_STANDARD = gnu11;
				GCC_NO_COMMON_BLOCKS = YES;
				GCC_WARN_64_TO_32_BIT_CONVERSION = YES;
				GCC_WARN_ABOUT_RETURN_TYPE = YES_ERROR;
				GCC_WARN_UNDECLARED_SELECTOR = YES;
				GCC_WARN_UNINITIALIZED_AUTOS = YES_AGGRESSIVE;
				GCC_WARN_UNUSED_FUNCTION = YES;
				GCC_WARN_UNUSED_VARIABLE = YES;
				IPHONEOS_DEPLOYMENT_TARGET = 11.2;
				MTL_ENABLE_DEBUG_INFO = NO;
				SDKROOT = iphoneos;
				SWIFT_OPTIMIZATION_LEVEL = "-Owholemodule";
				VALIDATE_PRODUCT = YES;
			};
			name = Release;
		};
		1DAC8E9D2005D0910011C062 /* Debug */ = {
			isa = XCBuildConfiguration;
			baseConfigurationReference = D205A0FEC8B139B96A290A35 /* Pods-RxSignUp.debug.xcconfig */;
			buildSettings = {
				ASSETCATALOG_COMPILER_APPICON_NAME = AppIcon;
				CODE_SIGN_STYLE = Automatic;
				DEVELOPMENT_TEAM = XFWF2C4FCQ;
				INFOPLIST_FILE = RxSignUp/Info.plist;
				LD_RUNPATH_SEARCH_PATHS = "$(inherited) @executable_path/Frameworks";
				PRODUCT_BUNDLE_IDENTIFIER = kevin.le.RxSignUp;
				PRODUCT_NAME = "$(TARGET_NAME)";
				SWIFT_VERSION = 4.0;
				TARGETED_DEVICE_FAMILY = "1,2";
			};
			name = Debug;
		};
		1DAC8E9E2005D0910011C062 /* Release */ = {
			isa = XCBuildConfiguration;
			baseConfigurationReference = 9D8FC5C53D3EE6D8B767B807 /* Pods-RxSignUp.release.xcconfig */;
			buildSettings = {
				ASSETCATALOG_COMPILER_APPICON_NAME = AppIcon;
				CODE_SIGN_STYLE = Automatic;
				DEVELOPMENT_TEAM = XFWF2C4FCQ;
				INFOPLIST_FILE = RxSignUp/Info.plist;
				LD_RUNPATH_SEARCH_PATHS = "$(inherited) @executable_path/Frameworks";
				PRODUCT_BUNDLE_IDENTIFIER = kevin.le.RxSignUp;
				PRODUCT_NAME = "$(TARGET_NAME)";
				SWIFT_VERSION = 4.0;
				TARGETED_DEVICE_FAMILY = "1,2";
			};
			name = Release;
		};
/* End XCBuildConfiguration section */

/* Begin XCConfigurationList section */
		1DAC8E852005D0910011C062 /* Build configuration list for PBXProject "RxSignUp" */ = {
			isa = XCConfigurationList;
			buildConfigurations = (
				1DAC8E9A2005D0910011C062 /* Debug */,
				1DAC8E9B2005D0910011C062 /* Release */,
			);
			defaultConfigurationIsVisible = 0;
			defaultConfigurationName = Release;
		};
		1DAC8E9C2005D0910011C062 /* Build configuration list for PBXNativeTarget "RxSignUp" */ = {
			isa = XCConfigurationList;
			buildConfigurations = (
				1DAC8E9D2005D0910011C062 /* Debug */,
				1DAC8E9E2005D0910011C062 /* Release */,
			);
			defaultConfigurationIsVisible = 0;
			defaultConfigurationName = Release;
		};
/* End XCConfigurationList section */
	};
	rootObject = 1DAC8E822005D0910011C062 /* Project object */;
}
